
Microsoft Visual Studio Solution File, Format Version 12.00
# Visual Studio Version 17
VisualStudioVersion = 17.5.002.0
MinimumVisualStudioVersion = 10.0.40219.1
Project("{9A19103F-16F7-4668-BE54-9A1E7A4F7556}") = "Passwords", "Passwords.csproj", "{FBD0D01F-5FBE-4F1B-B269-19832DF64950}"
EndProject
Global
	GlobalSection(SolutionConfigurationPlatforms) = preSolution
		Debug|Any CPU = Debug|Any CPU
		Release|Any CPU = Release|Any CPU
	EndGlobalSection
	GlobalSection(ProjectConfigurationPlatforms) = postSolution
		{FBD0D01F-5FBE-4F1B-B269-19832DF64950}.Debug|Any CPU.ActiveCfg = Debug|Any CPU
		{FBD0D01F-5FBE-4F1B-B269-19832DF64950}.Debug|Any CPU.Build.0 = Debug|Any CPU
		{FBD0D01F-5FBE-4F1B-B269-19832DF64950}.Release|Any CPU.ActiveCfg = Release|Any CPU
		{FBD0D01F-5FBE-4F1B-B269-19832DF64950}.Release|Any CPU.Build.0 = Release|Any CPU
	EndGlobalSection
	GlobalSection(SolutionProperties) = preSolution
		HideSolutionNode = FALSE
	EndGlobalSection
	GlobalSection(ExtensibilityGlobals) = postSolution
		SolutionGuid = {F94F9E25-6349-4E5B-8602-2191D57A0134}
	EndGlobalSection
EndGlobal
